
Microsoft Visual Studio Solution File, Format Version 12.00
Project("{FAE04EC0-301F-11D3-BF4B-00C04F79EFBC}") = "EntryPoint", "EntryPoint\EntryPoint.csproj", "{CC8B51BB-BED4-4EAE-9E28-22435E15023A}"
EndProject
Project("{FAE04EC0-301F-11D3-BF4B-00C04F79EFBC}") = "ModLoader", "ModLoader\ModLoader.csproj", "{5B68C5F3-140F-496B-B765-6C2FAE10CF0D}"
EndProject
Global
	GlobalSection(SolutionConfigurationPlatforms) = preSolution
		Debug|Any CPU = Debug|Any CPU
		Release|Any CPU = Release|Any CPU
	EndGlobalSection
	GlobalSection(ProjectConfigurationPlatforms) = postSolution
		{CC8B51BB-BED4-4EAE-9E28-22435E15023A}.Debug|Any CPU.ActiveCfg = Debug|Any CPU
		{CC8B51BB-BED4-4EAE-9E28-22435E15023A}.Debug|Any CPU.Build.0 = Debug|Any CPU
		{CC8B51BB-BED4-4EAE-9E28-22435E15023A}.Release|Any CPU.ActiveCfg = Release|Any CPU
		{CC8B51BB-BED4-4EAE-9E28-22435E15023A}.Release|Any CPU.Build.0 = Release|Any CPU
		{5B68C5F3-140F-496B-B765-6C2FAE10CF0D}.Debug|Any CPU.ActiveCfg = Debug|Any CPU
		{5B68C5F3-140F-496B-B765-6C2FAE10CF0D}.Debug|Any CPU.Build.0 = Debug|Any CPU
		{5B68C5F3-140F-496B-B765-6C2FAE10CF0D}.Release|Any CPU.ActiveCfg = Release|Any CPU
		{5B68C5F3-140F-496B-B765-6C2FAE10CF0D}.Release|Any CPU.Build.0 = Release|Any CPU
	EndGlobalSection
EndGlobal
